<?xml version="1.0" encoding="utf-8"?>
<Project ToolsVersion="4.0" xmlns="http://schemas.microsoft.com/developer/msbuild/2003">
  <ItemGroup>
    <Filter Include="Source Files">
      <UniqueIdentifier>{4FC737F1-C7A5-4376-A066-2A32D752A2FF}</UniqueIdentifier>
      <Extensions>cpp;c;cc;cxx;c++;cppm;ixx;def;odl;idl;hpj;bat;asm;asmx</Extensions>
    </Filter>
    <Filter Include="Header Files">
      <UniqueIdentifier>{93995380-89BD-4b04-88EB-625FBE52EBFB}</UniqueIdentifier>
      <Extensions>h;hh;hpp;hxx;h++;hm;inl;inc;ipp;xsd</Extensions>
    </Filter>
    <Filter Include="Resource Files">
      <UniqueIdentifier>{67DA6AB6-F800-4c08-8B7A-83BB121AAD01}</UniqueIdentifier>
      <Extensions>rc;ico;cur;bmp;dlg;rc2;rct;bin;rgs;gif;jpg;jpeg;jpe;resx;tiff;tif;png;wav;mfcribbon-ms</Extensions>
    </Filter>
    <Filter Include="Resource Files\shaders">
      <UniqueIdentifier>{ed19adfd-4c14-40e7-b4f4-dfa45c0038d7}</UniqueIdentifier>
    </Filter>
    <Filter Include="Resource Files\shaders\vertex">
      <UniqueIdentifier>{d767c2fd-a7f3-4ef9-b7e5-069f1c9e20e4}</UniqueIdentifier>
    </Filter>
    <Filter Include="Resource Files\shaders\fragment">
      <UniqueIdentifier>{6a1b6970-2aba-484f-8575-79ea0ec5604f}</UniqueIdentifier>
    </Filter>
    <Filter Include="Resource Files\textures">
      <UniqueIdentifier>{21cd82aa-8780-461f-904a-cd3e1eacf17e}</UniqueIdentifier>
    </Filter>
  </ItemGroup>
  <ItemGroup>
    <ClCompile Include="Source.cpp">
      <Filter>Source Files</Filter>
    </ClCompile>
    <ClCompile Include="glad.c">
      <Filter>Source Files</Filter>
    </ClCompile>
    <ClCompile Include="stb_image_define.cpp">
      <Filter>Source Files</Filter>
    </ClCompile>
  </ItemGroup>
  <ItemGroup>
    <ClInclude Include="learnopengl\camera.h">
      <Filter>Header Files</Filter>
    </ClInclude>
    <ClInclude Include="learnopengl\camera_plus.h">
      <Filter>Header Files</Filter>
    </ClInclude>
    <ClInclude Include="learnopengl\shader_m.h">
      <Filter>Header Files</Filter>
    </ClInclude>
    <ClInclude Include="learnopengl\mesh.h">
      <Filter>Header Files</Filter>
    </ClInclude>
    <ClInclude Include="learnopengl\model.h">
      <Filter>Header Files</Filter>
    </ClInclude>
  </ItemGroup>
  <ItemGroup>
    <None Include="shaders\fragment\colors.frag">
      <Filter>Resource Files\shaders\fragment</Filter>
    </None>
    <None Include="shaders\vertex\colors.vert">
      <Filter>Resource Files\shaders\vertex</Filter>
    </None>
    <None Include="shaders\vertex\light_cube.vert">
      <Filter>Resource Files\shaders\vertex</Filter>
    </None>
    <None Include="shaders\fragment\light_cube.frag">
      <Filter>Resource Files\shaders\fragment</Filter>
    </None>
    <None Include="shaders\fragment\model.frag">
      <Filter>Resource Files\shaders\fragment</Filter>
    </None>
    <None Include="shaders\vertex\model.vert">
      <Filter>Resource Files\shaders\vertex</Filter>
    </None>
    <None Include="shaders\fragment\pure_tex.frag">
      <Filter>Resource Files\shaders\fragment</Filter>
    </None>
    <None Include="shaders\vertex\pure_tex.vert">
      <Filter>Resource Files\shaders\vertex</Filter>
    </None>
    <None Include="shaders\fragment\framebuffer_screen.frag">
      <Filter>Resource Files\shaders\fragment</Filter>
    </None>
    <None Include="shaders\vertex\framebuffer_screen.vert">
      <Filter>Resource Files\shaders\vertex</Filter>
    </None>
    <None Include="shaders\fragment\grayscale.frag">
      <Filter>Resource Files\shaders\fragment</Filter>
    </None>
    <None Include="shaders\vertex\grayscale.vert">
      <Filter>Resource Files\shaders\vertex</Filter>
    </None>
    <None Include="shaders\fragment\inversion.frag">
      <Filter>Resource Files\shaders\fragment</Filter>
    </None>
    <None Include="shaders\vertex\inversion.vert">
      <Filter>Resource Files\shaders\vertex</Filter>
    </None>
    <None Include="shaders\fragment\kernel_blur.frag">
      <Filter>Resource Files\shaders\fragment</Filter>
    </None>
    <None Include="shaders\fragment\kernel_edge_detection.frag">
      <Filter>Resource Files\shaders\fragment</Filter>
    </None>
    <None Include="shaders\vertex\kernel_blur.vert">
      <Filter>Resource Files\shaders\vertex</Filter>
    </None>
    <None Include="shaders\vertex\kernel_edge_detection.vert">
      <Filter>Resource Files\shaders\vertex</Filter>
    </None>
    <None Include="shaders\fragment\kernel_sharpen.frag">
      <Filter>Resource Files\shaders\fragment</Filter>
    </None>
    <None Include="shaders\vertex\kernel_sharpen.vert">
      <Filter>Resource Files\shaders\vertex</Filter>
    </None>
    <None Include="shaders\fragment\kernel_emboss.frag">
      <Filter>Resource Files\shaders\fragment</Filter>
    </None>
    <None Include="shaders\vertex\kernel_emboss.vert">
      <Filter>Resource Files\shaders\vertex</Filter>
    </None>
    <None Include="shaders\fragment\kernel_self.frag">
      <Filter>Resource Files\shaders\fragment</Filter>
    </None>
    <None Include="shaders\vertex\kernel_self.vert">
      <Filter>Resource Files\shaders\vertex</Filter>
    </None>
    <None Include="shaders\vertex\skybox.vert">
      <Filter>Resource Files\shaders\vertex</Filter>
    </None>
    <None Include="shaders\fragment\skybox.frag">
      <Filter>Resource Files\shaders\fragment</Filter>
    </None>
  </ItemGroup>
  <ItemGroup>
    <Text Include="Using libraries.txt">
      <Filter>Resource Files</Filter>
    </Text>
  </ItemGroup>
  <ItemGroup>
    <Image Include="textures\marble.jpg">
      <Filter>Resource Files\textures</Filter>
    </Image>
    <Image Include="textures\metal.png">
      <Filter>Resource Files\textures</Filter>
    </Image>
  </ItemGroup>
</Project>