<?xml version="1.0" encoding="utf-8"?>
<Project ToolsVersion="4.0" xmlns="http://schemas.microsoft.com/developer/msbuild/2003">
  <ItemGroup>
    <Filter Include="Source Files">
      <UniqueIdentifier>{4FC737F1-C7A5-4376-A066-2A32D752A2FF}</UniqueIdentifier>
      <Extensions>cpp;c;cc;cxx;c++;cppm;ixx;def;odl;idl;hpj;bat;asm;asmx</Extensions>
    </Filter>
    <Filter Include="Header Files">
      <UniqueIdentifier>{93995380-89BD-4b04-88EB-625FBE52EBFB}</UniqueIdentifier>
      <Extensions>h;hh;hpp;hxx;h++;hm;inl;inc;ipp;xsd</Extensions>
    </Filter>
    <Filter Include="Resource Files">
      <UniqueIdentifier>{67DA6AB6-F800-4c08-8B7A-83BB121AAD01}</UniqueIdentifier>
      <Extensions>rc;ico;cur;bmp;dlg;rc2;rct;bin;rgs;gif;jpg;jpeg;jpe;resx;tiff;tif;png;wav;mfcribbon-ms</Extensions>
    </Filter>
    <Filter Include="Resource Files\shaders">
      <UniqueIdentifier>{ed19adfd-4c14-40e7-b4f4-dfa45c0038d7}</UniqueIdentifier>
    </Filter>
    <Filter Include="Resource Files\textures">
      <UniqueIdentifier>{21cd82aa-8780-461f-904a-cd3e1eacf17e}</UniqueIdentifier>
    </Filter>
    <Filter Include="Resource Files\shaders\post-processing">
      <UniqueIdentifier>{9033e703-7c45-496d-9556-3aee57cef23a}</UniqueIdentifier>
    </Filter>
    <Filter Include="Resource Files\shaders\post-processing\vertex">
      <UniqueIdentifier>{4ffef47c-ddee-48ac-8f20-d3a42e754056}</UniqueIdentifier>
    </Filter>
    <Filter Include="Resource Files\shaders\post-processing\fragment">
      <UniqueIdentifier>{812de5be-fba6-4c11-84a7-b27101e6b767}</UniqueIdentifier>
    </Filter>
    <Filter Include="Resource Files\shaders\lighting">
      <UniqueIdentifier>{799956e0-f426-49f6-beba-d0684a6bbc33}</UniqueIdentifier>
    </Filter>
    <Filter Include="Resource Files\shaders\shadow-lighting">
      <UniqueIdentifier>{a87fd684-d32d-4dd6-9764-55053cda5528}</UniqueIdentifier>
    </Filter>
    <Filter Include="Resource Files\shaders\lighting\fragment">
      <UniqueIdentifier>{eb7ff753-d6b2-49cc-a2d7-f5cfcaab98bf}</UniqueIdentifier>
    </Filter>
    <Filter Include="Resource Files\shaders\lighting\vertex">
      <UniqueIdentifier>{55d49334-783c-4c4d-8e65-873ca6c7bbe9}</UniqueIdentifier>
    </Filter>
    <Filter Include="Resource Files\shaders\shadow-lighting\fragment">
      <UniqueIdentifier>{3085ffe6-bedb-4eaa-a34f-3a78bec94ed6}</UniqueIdentifier>
    </Filter>
    <Filter Include="Resource Files\shaders\shadow-lighting\vertex">
      <UniqueIdentifier>{afe9b2b6-329a-4b8d-8eef-16c3bd71ecb2}</UniqueIdentifier>
    </Filter>
    <Filter Include="Resource Files\shaders\bake">
      <UniqueIdentifier>{bfd51775-ac7b-4ed6-8c97-f1ac5b0c4c9a}</UniqueIdentifier>
    </Filter>
    <Filter Include="Resource Files\shaders\bake\depth_map">
      <UniqueIdentifier>{f68f216c-98a8-4d9d-8c7b-a17fe5d9be82}</UniqueIdentifier>
    </Filter>
    <Filter Include="Resource Files\shaders\bake\depth_map\fragment">
      <UniqueIdentifier>{86f3413c-2d1a-4f13-afeb-6ffa0d59a9c2}</UniqueIdentifier>
    </Filter>
    <Filter Include="Resource Files\shaders\bake\depth_map\vertex">
      <UniqueIdentifier>{d4a35088-7ba7-4fa6-91e4-6600a8b852f0}</UniqueIdentifier>
    </Filter>
    <Filter Include="Resource Files\shaders\bake\depth_map\geometry">
      <UniqueIdentifier>{838f065d-4e01-4771-aad2-dd0fd41f11a2}</UniqueIdentifier>
    </Filter>
    <Filter Include="Resource Files\shaders\others">
      <UniqueIdentifier>{68c7ba0a-478a-49f0-869a-5957e1a2a604}</UniqueIdentifier>
    </Filter>
    <Filter Include="Resource Files\shaders\others\vertex">
      <UniqueIdentifier>{d767c2fd-a7f3-4ef9-b7e5-069f1c9e20e4}</UniqueIdentifier>
    </Filter>
    <Filter Include="Resource Files\shaders\others\fragment">
      <UniqueIdentifier>{6a1b6970-2aba-484f-8575-79ea0ec5604f}</UniqueIdentifier>
    </Filter>
    <Filter Include="Resource Files\shaders\others\geometry">
      <UniqueIdentifier>{b9752052-0aa0-4305-ab61-cc040b6d71f6}</UniqueIdentifier>
    </Filter>
    <Filter Include="Resource Files\shaders\deferred_shading">
      <UniqueIdentifier>{3613dbd3-a885-42be-b6a8-dff3fd57cb37}</UniqueIdentifier>
    </Filter>
    <Filter Include="Resource Files\shaders\deferred_shading\g-buffer">
      <UniqueIdentifier>{a80373da-e024-4588-8390-671ec44e617e}</UniqueIdentifier>
    </Filter>
    <Filter Include="Resource Files\shaders\deferred_shading\lighting">
      <UniqueIdentifier>{1e207385-3238-416e-a265-b3f65d6f65cd}</UniqueIdentifier>
    </Filter>
    <Filter Include="Resource Files\shaders\deferred_shading\g-buffer\vertex">
      <UniqueIdentifier>{bf90694c-1458-40cb-b2c5-c464547e217f}</UniqueIdentifier>
    </Filter>
    <Filter Include="Resource Files\shaders\deferred_shading\g-buffer\fragment">
      <UniqueIdentifier>{7b180266-b955-468a-ad24-81f1a8e98370}</UniqueIdentifier>
    </Filter>
    <Filter Include="Resource Files\shaders\deferred_shading\lighting\vertex">
      <UniqueIdentifier>{d25c874d-0eea-442c-b645-c6be513d23f6}</UniqueIdentifier>
    </Filter>
    <Filter Include="Resource Files\shaders\deferred_shading\lighting\fragment">
      <UniqueIdentifier>{8ce4328f-9028-4d56-811f-f039ed086139}</UniqueIdentifier>
    </Filter>
  </ItemGroup>
  <ItemGroup>
    <ClCompile Include="Source.cpp">
      <Filter>Source Files</Filter>
    </ClCompile>
    <ClCompile Include="glad.c">
      <Filter>Source Files</Filter>
    </ClCompile>
    <ClCompile Include="stb_image_define.cpp">
      <Filter>Source Files</Filter>
    </ClCompile>
  </ItemGroup>
  <ItemGroup>
    <ClInclude Include="learnopengl\camera.h">
      <Filter>Header Files</Filter>
    </ClInclude>
    <ClInclude Include="learnopengl\camera_plus.h">
      <Filter>Header Files</Filter>
    </ClInclude>
    <ClInclude Include="learnopengl\shader_m.h">
      <Filter>Header Files</Filter>
    </ClInclude>
    <ClInclude Include="learnopengl\mesh.h">
      <Filter>Header Files</Filter>
    </ClInclude>
    <ClInclude Include="learnopengl\model.h">
      <Filter>Header Files</Filter>
    </ClInclude>
    <ClInclude Include="learnopengl\custom_helper.h">
      <Filter>Header Files</Filter>
    </ClInclude>
    <ClInclude Include="learnopengl\common_vao_creator.h">
      <Filter>Header Files</Filter>
    </ClInclude>
  </ItemGroup>
  <ItemGroup>
    <None Include="shaders\others\vertex\light_cube.vert">
      <Filter>Resource Files\shaders\others\vertex</Filter>
    </None>
    <None Include="shaders\others\fragment\light_cube.frag">
      <Filter>Resource Files\shaders\others\fragment</Filter>
    </None>
    <None Include="shaders\others\fragment\pure_texture.frag">
      <Filter>Resource Files\shaders\others\fragment</Filter>
    </None>
    <None Include="shaders\others\vertex\pure_texture.vert">
      <Filter>Resource Files\shaders\others\vertex</Filter>
    </None>
    <None Include="shaders\others\vertex\skybox.vert">
      <Filter>Resource Files\shaders\others\vertex</Filter>
    </None>
    <None Include="shaders\others\fragment\skybox.frag">
      <Filter>Resource Files\shaders\others\fragment</Filter>
    </None>
    <None Include="shaders\others\fragment\reflection.frag">
      <Filter>Resource Files\shaders\others\fragment</Filter>
    </None>
    <None Include="shaders\others\vertex\reflection.vert">
      <Filter>Resource Files\shaders\others\vertex</Filter>
    </None>
    <None Include="shaders\others\fragment\refraction.frag">
      <Filter>Resource Files\shaders\others\fragment</Filter>
    </None>
    <None Include="shaders\others\vertex\refraction.vert">
      <Filter>Resource Files\shaders\others\vertex</Filter>
    </None>
    <None Include="shaders\others\fragment\explode_model.frag">
      <Filter>Resource Files\shaders\others\fragment</Filter>
    </None>
    <None Include="shaders\others\geometry\explode_model.geom">
      <Filter>Resource Files\shaders\others\geometry</Filter>
    </None>
    <None Include="shaders\others\vertex\explode_model.vert">
      <Filter>Resource Files\shaders\others\vertex</Filter>
    </None>
    <None Include="shaders\others\vertex\visual_normal_vectors.vert">
      <Filter>Resource Files\shaders\others\vertex</Filter>
    </None>
    <None Include="shaders\others\geometry\visual_normal_vectors.geom">
      <Filter>Resource Files\shaders\others\geometry</Filter>
    </None>
    <None Include="shaders\others\fragment\visual_normal_vectors.frag">
      <Filter>Resource Files\shaders\others\fragment</Filter>
    </None>
    <None Include="shaders\others\vertex\model.vert">
      <Filter>Resource Files\shaders\others\vertex</Filter>
    </None>
    <None Include="shaders\others\fragment\model.frag">
      <Filter>Resource Files\shaders\others\fragment</Filter>
    </None>
    <None Include="shaders\post-processing\vertex\regular_screen.vert">
      <Filter>Resource Files\shaders\post-processing\vertex</Filter>
    </None>
    <None Include="shaders\post-processing\fragment\grayscale.frag">
      <Filter>Resource Files\shaders\post-processing\fragment</Filter>
    </None>
    <None Include="shaders\post-processing\fragment\inversion.frag">
      <Filter>Resource Files\shaders\post-processing\fragment</Filter>
    </None>
    <None Include="shaders\post-processing\fragment\kernel_blur.frag">
      <Filter>Resource Files\shaders\post-processing\fragment</Filter>
    </None>
    <None Include="shaders\post-processing\fragment\kernel_edge_detection.frag">
      <Filter>Resource Files\shaders\post-processing\fragment</Filter>
    </None>
    <None Include="shaders\post-processing\fragment\kernel_emboss.frag">
      <Filter>Resource Files\shaders\post-processing\fragment</Filter>
    </None>
    <None Include="shaders\post-processing\fragment\kernel_self.frag">
      <Filter>Resource Files\shaders\post-processing\fragment</Filter>
    </None>
    <None Include="shaders\post-processing\fragment\kernel_sharpen.frag">
      <Filter>Resource Files\shaders\post-processing\fragment</Filter>
    </None>
    <None Include="shaders\post-processing\fragment\regular_screen.frag">
      <Filter>Resource Files\shaders\post-processing\fragment</Filter>
    </None>
    <None Include="shaders\post-processing\fragment\perspect_depth-map.frag">
      <Filter>Resource Files\shaders\post-processing\fragment</Filter>
    </None>
    <None Include="shaders\post-processing\fragment\ortho_depth-map.frag">
      <Filter>Resource Files\shaders\post-processing\fragment</Filter>
    </None>
    <None Include="shaders\lighting\fragment\global-lighting_color.frag">
      <Filter>Resource Files\shaders\lighting\fragment</Filter>
    </None>
    <None Include="shaders\lighting\fragment\global-lighting_model.frag">
      <Filter>Resource Files\shaders\lighting\fragment</Filter>
    </None>
    <None Include="shaders\lighting\fragment\global-lighting_texture.frag">
      <Filter>Resource Files\shaders\lighting\fragment</Filter>
    </None>
    <None Include="shaders\lighting\fragment\local-lighting_color.frag">
      <Filter>Resource Files\shaders\lighting\fragment</Filter>
    </None>
    <None Include="shaders\lighting\fragment\local-lighting_model.frag">
      <Filter>Resource Files\shaders\lighting\fragment</Filter>
    </None>
    <None Include="shaders\lighting\fragment\local-lighting_texture.frag">
      <Filter>Resource Files\shaders\lighting\fragment</Filter>
    </None>
    <None Include="shaders\lighting\vertex\lighting_texture.vert">
      <Filter>Resource Files\shaders\lighting\vertex</Filter>
    </None>
    <None Include="shaders\lighting\vertex\lighting_repeated-texture.vert">
      <Filter>Resource Files\shaders\lighting\vertex</Filter>
    </None>
    <None Include="shaders\lighting\vertex\lighting_model_instanced.vert">
      <Filter>Resource Files\shaders\lighting\vertex</Filter>
    </None>
    <None Include="shaders\lighting\vertex\lighting_model.vert">
      <Filter>Resource Files\shaders\lighting\vertex</Filter>
    </None>
    <None Include="shaders\lighting\vertex\lighting_color.vert">
      <Filter>Resource Files\shaders\lighting\vertex</Filter>
    </None>
    <None Include="shaders\shadow-lighting\fragment\local-lighting_point-shadow_texture.frag">
      <Filter>Resource Files\shaders\shadow-lighting\fragment</Filter>
    </None>
    <None Include="shaders\shadow-lighting\fragment\local-lighting_dir-shadow_texture.frag">
      <Filter>Resource Files\shaders\shadow-lighting\fragment</Filter>
    </None>
    <None Include="shaders\shadow-lighting\vertex\lighting_dir-shadow_repeated-texture.vert">
      <Filter>Resource Files\shaders\shadow-lighting\vertex</Filter>
    </None>
    <None Include="shaders\shadow-lighting\vertex\lighting_dir-shadow_texture.vert">
      <Filter>Resource Files\shaders\shadow-lighting\vertex</Filter>
    </None>
    <None Include="shaders\shadow-lighting\vertex\lighting_point-shadow_repeated-texture.vert">
      <Filter>Resource Files\shaders\shadow-lighting\vertex</Filter>
    </None>
    <None Include="shaders\shadow-lighting\vertex\lighting_point-shadow_texture.vert">
      <Filter>Resource Files\shaders\shadow-lighting\vertex</Filter>
    </None>
    <None Include="shaders\bake\depth_map\fragment\cube-depth_map.frag">
      <Filter>Resource Files\shaders\bake\depth_map\fragment</Filter>
    </None>
    <None Include="shaders\bake\depth_map\fragment\dir-depth_map.frag">
      <Filter>Resource Files\shaders\bake\depth_map\fragment</Filter>
    </None>
    <None Include="shaders\bake\depth_map\geometry\cube-depth_map.geom">
      <Filter>Resource Files\shaders\bake\depth_map\geometry</Filter>
    </None>
    <None Include="shaders\shadow-lighting\fragment\global-shadow-lighting_texture.frag">
      <Filter>Resource Files\shaders\shadow-lighting\fragment</Filter>
    </None>
    <None Include="shaders\shadow-lighting\vertex\global-shadow-lighting_texture.vert">
      <Filter>Resource Files\shaders\shadow-lighting\vertex</Filter>
    </None>
    <None Include="shaders\bake\depth_map\vertex\dir-depth_map.vert">
      <Filter>Resource Files\shaders\bake\depth_map\vertex</Filter>
    </None>
    <None Include="shaders\bake\depth_map\vertex\cube-depth_map.vert">
      <Filter>Resource Files\shaders\bake\depth_map\vertex</Filter>
    </None>
    <None Include="shaders\shadow-lighting\fragment\global-shadow-lighting_normal-texture.frag">
      <Filter>Resource Files\shaders\shadow-lighting\fragment</Filter>
    </None>
    <None Include="shaders\shadow-lighting\vertex\global-shadow-lighting_normal-texture.vert">
      <Filter>Resource Files\shaders\shadow-lighting\vertex</Filter>
    </None>
    <None Include="shaders\lighting\vertex\lighting_normal-texture.vert">
      <Filter>Resource Files\shaders\lighting\vertex</Filter>
    </None>
    <None Include="shaders\lighting\fragment\local-lighting_normal-texture.frag">
      <Filter>Resource Files\shaders\lighting\fragment</Filter>
    </None>
    <None Include="shaders\shadow-lighting\fragment\global-shadow-lighting_model.frag">
      <Filter>Resource Files\shaders\shadow-lighting\fragment</Filter>
    </None>
    <None Include="shaders\shadow-lighting\vertex\global-shadow-lighting_model.vert">
      <Filter>Resource Files\shaders\shadow-lighting\vertex</Filter>
    </None>
    <None Include="shaders\shadow-lighting\fragment\global-shadow-lighting_normal-model.frag">
      <Filter>Resource Files\shaders\shadow-lighting\fragment</Filter>
    </None>
    <None Include="shaders\shadow-lighting\vertex\global-shadow-lighting_normal-model.vert">
      <Filter>Resource Files\shaders\shadow-lighting\vertex</Filter>
    </None>
    <None Include="shaders\shadow-lighting\vertex\global-shadow-lighting_ipv-normal-model.vert">
      <Filter>Resource Files\shaders\shadow-lighting\vertex</Filter>
    </None>
    <None Include="shaders\shadow-lighting\fragment\global-shadow-lighting_height-texture.frag">
      <Filter>Resource Files\shaders\shadow-lighting\fragment</Filter>
    </None>
    <None Include="shaders\shadow-lighting\vertex\global-shadow-lighting_height-texture.vert">
      <Filter>Resource Files\shaders\shadow-lighting\vertex</Filter>
    </None>
    <None Include="shaders\post-processing\fragment\hdr_reinhard_screen.frag">
      <Filter>Resource Files\shaders\post-processing\fragment</Filter>
    </None>
    <None Include="shaders\post-processing\fragment\hdr_exposure_screen.frag">
      <Filter>Resource Files\shaders\post-processing\fragment</Filter>
    </None>
    <None Include="shaders\post-processing\fragment\hdr_bloom_extract.frag">
      <Filter>Resource Files\shaders\post-processing\fragment</Filter>
    </None>
    <None Include="shaders\post-processing\fragment\bloom_gaussian_blur.frag">
      <Filter>Resource Files\shaders\post-processing\fragment</Filter>
    </None>
    <None Include="shaders\post-processing\fragment\hdr_bloom_blending.frag">
      <Filter>Resource Files\shaders\post-processing\fragment</Filter>
    </None>
    <None Include="hdr_gamma_correction.frag">
      <Filter>Resource Files\shaders\post-processing\fragment</Filter>
    </None>
    <None Include="shaders\deferred_shading\g-buffer\vertex\model.vert">
      <Filter>Resource Files\shaders\deferred_shading\g-buffer\vertex</Filter>
    </None>
    <None Include="shaders\deferred_shading\g-buffer\fragment\normal_height_model_geometry.frag">
      <Filter>Resource Files\shaders\deferred_shading\g-buffer\fragment</Filter>
    </None>
    <None Include="shaders\deferred_shading\g-buffer\fragment\normal_model_geometry.frag">
      <Filter>Resource Files\shaders\deferred_shading\g-buffer\fragment</Filter>
    </None>
    <None Include="shaders\deferred_shading\lighting\vertex\regular_screen.vert">
      <Filter>Resource Files\shaders\deferred_shading\lighting\vertex</Filter>
    </None>
    <None Include="shaders\deferred_shading\lighting\fragment\global-lighting.frag">
      <Filter>Resource Files\shaders\deferred_shading\lighting\fragment</Filter>
    </None>
    <None Include="shaders\deferred_shading\lighting\fragment\global-lighting_light_valume_demo.frag">
      <Filter>Resource Files\shaders\deferred_shading\lighting\fragment</Filter>
    </None>
  </ItemGroup>
  <ItemGroup>
    <Text Include="Using libraries.txt">
      <Filter>Resource Files</Filter>
    </Text>
    <Text Include="shaders\layout_location_rules.txt">
      <Filter>Resource Files\shaders</Filter>
    </Text>
  </ItemGroup>
  <ItemGroup>
    <Image Include="textures\marble.jpg">
      <Filter>Resource Files\textures</Filter>
    </Image>
    <Image Include="textures\metal.png">
      <Filter>Resource Files\textures</Filter>
    </Image>
  </ItemGroup>
</Project>